
Microsoft Visual Studio Solution File, Format Version 12.00
# Visual Studio Version 17
VisualStudioVersion = 17.14.37111.16
MinimumVisualStudioVersion = 10.0.40219.1
Project("{FAE04EC0-301F-11D3-BF4B-00C04F79EFBC}") = "AuctionService", "AuctionService\AuctionService.csproj", "{00904F91-142E-B9AC-0823-9DAC4671E5CE}"
EndProject
Project("{2150E333-8FDC-42A3-9474-1A3956D46DE8}") = "src", "src", "{02EA681E-C7D8-13C7-8484-4AC65E1B71E8}"
EndProject
Project("{FAE04EC0-301F-11D3-BF4B-00C04F79EFBC}") = "SearchService", "src\SearchService\SearchService.csproj", "{F1DDD55E-44D2-4260-84C0-4899D1CFD00A}"
EndProject
Global
	GlobalSection(SolutionConfigurationPlatforms) = preSolution
		Debug|Any CPU = Debug|Any CPU
		Release|Any CPU = Release|Any CPU
	EndGlobalSection
	GlobalSection(ProjectConfigurationPlatforms) = postSolution
		{00904F91-142E-B9AC-0823-9DAC4671E5CE}.Debug|Any CPU.ActiveCfg = Debug|Any CPU
		{00904F91-142E-B9AC-0823-9DAC4671E5CE}.Debug|Any CPU.Build.0 = Debug|Any CPU
		{00904F91-142E-B9AC-0823-9DAC4671E5CE}.Release|Any CPU.ActiveCfg = Release|Any CPU
		{00904F91-142E-B9AC-0823-9DAC4671E5CE}.Release|Any CPU.Build.0 = Release|Any CPU
		{F1DDD55E-44D2-4260-84C0-4899D1CFD00A}.Debug|Any CPU.ActiveCfg = Debug|Any CPU
		{F1DDD55E-44D2-4260-84C0-4899D1CFD00A}.Debug|Any CPU.Build.0 = Debug|Any CPU
		{F1DDD55E-44D2-4260-84C0-4899D1CFD00A}.Release|Any CPU.ActiveCfg = Release|Any CPU
		{F1DDD55E-44D2-4260-84C0-4899D1CFD00A}.Release|Any CPU.Build.0 = Release|Any CPU
	EndGlobalSection
	GlobalSection(SolutionProperties) = preSolution
		HideSolutionNode = FALSE
	EndGlobalSection
	GlobalSection(NestedProjects) = preSolution
		{00904F91-142E-B9AC-0823-9DAC4671E5CE} = {02EA681E-C7D8-13C7-8484-4AC65E1B71E8}
		{F1DDD55E-44D2-4260-84C0-4899D1CFD00A} = {02EA681E-C7D8-13C7-8484-4AC65E1B71E8}
	EndGlobalSection
	GlobalSection(ExtensibilityGlobals) = postSolution
		SolutionGuid = {0C2D3DE7-D0A1-460F-8370-D489AF01CF3E}
	EndGlobalSection
EndGlobal
